
Microsoft Visual Studio Solution File, Format Version 12.00
# Visual Studio 15
Project("{FAE04EC0-301F-11D3-BF4B-00C04F79EFBC}") = "Assembly-CSharp", "Assembly-CSharp.csproj", "{F562532A-5474-4515-007C-C866CD8BB593}"
EndProject
Project("{FAE04EC0-301F-11D3-BF4B-00C04F79EFBC}") = "Assembly-CSharp-firstpass", "Assembly-CSharp-firstpass.csproj", "{EF6059CF-F686-6CC8-AA7D-505561C32252}"
EndProject
Project("{FAE04EC0-301F-11D3-BF4B-00C04F79EFBC}") = "Assembly-CSharp-Editor-firstpass", "Assembly-CSharp-Editor-firstpass.csproj", "{190CD7A5-51BC-EF53-BE98-A607041B166A}"
EndProject
Project("{FAE04EC0-301F-11D3-BF4B-00C04F79EFBC}") = "Assembly-CSharp-Editor", "Assembly-CSharp-Editor.csproj", "{8855E9D3-EEA4-62DB-A27E-D1BF28BE3EF1}"
EndProject
Project("{FAE04EC0-301F-11D3-BF4B-00C04F79EFBC}") = "SimpleFolderIcon", "SimpleFolderIcon.csproj", "{FCDE8C7E-DC78-1CEC-127D-10BBDFABA499}"
EndProject
Global
	GlobalSection(SolutionConfigurationPlatforms) = preSolution
		Debug|Any CPU = Debug|Any CPU
		Release|Any CPU = Release|Any CPU
	EndGlobalSection
	GlobalSection(ProjectConfigurationPlatforms) = postSolution
		{F562532A-5474-4515-007C-C866CD8BB593}.Debug|Any CPU.ActiveCfg = Debug|Any CPU
		{F562532A-5474-4515-007C-C866CD8BB593}.Debug|Any CPU.Build.0 = Debug|Any CPU
		{F562532A-5474-4515-007C-C866CD8BB593}.Release|Any CPU.ActiveCfg = Release|Any CPU
		{F562532A-5474-4515-007C-C866CD8BB593}.Release|Any CPU.Build.0 = Release|Any CPU
		{EF6059CF-F686-6CC8-AA7D-505561C32252}.Debug|Any CPU.ActiveCfg = Debug|Any CPU
		{EF6059CF-F686-6CC8-AA7D-505561C32252}.Debug|Any CPU.Build.0 = Debug|Any CPU
		{EF6059CF-F686-6CC8-AA7D-505561C32252}.Release|Any CPU.ActiveCfg = Release|Any CPU
		{EF6059CF-F686-6CC8-AA7D-505561C32252}.Release|Any CPU.Build.0 = Release|Any CPU
		{190CD7A5-51BC-EF53-BE98-A607041B166A}.Debug|Any CPU.ActiveCfg = Debug|Any CPU
		{190CD7A5-51BC-EF53-BE98-A607041B166A}.Debug|Any CPU.Build.0 = Debug|Any CPU
		{190CD7A5-51BC-EF53-BE98-A607041B166A}.Release|Any CPU.ActiveCfg = Release|Any CPU
		{190CD7A5-51BC-EF53-BE98-A607041B166A}.Release|Any CPU.Build.0 = Release|Any CPU
		{8855E9D3-EEA4-62DB-A27E-D1BF28BE3EF1}.Debug|Any CPU.ActiveCfg = Debug|Any CPU
		{8855E9D3-EEA4-62DB-A27E-D1BF28BE3EF1}.Debug|Any CPU.Build.0 = Debug|Any CPU
		{8855E9D3-EEA4-62DB-A27E-D1BF28BE3EF1}.Release|Any CPU.ActiveCfg = Release|Any CPU
		{8855E9D3-EEA4-62DB-A27E-D1BF28BE3EF1}.Release|Any CPU.Build.0 = Release|Any CPU
		{FCDE8C7E-DC78-1CEC-127D-10BBDFABA499}.Debug|Any CPU.ActiveCfg = Debug|Any CPU
		{FCDE8C7E-DC78-1CEC-127D-10BBDFABA499}.Debug|Any CPU.Build.0 = Debug|Any CPU
		{FCDE8C7E-DC78-1CEC-127D-10BBDFABA499}.Release|Any CPU.ActiveCfg = Release|Any CPU
		{FCDE8C7E-DC78-1CEC-127D-10BBDFABA499}.Release|Any CPU.Build.0 = Release|Any CPU
	EndGlobalSection
	GlobalSection(SolutionProperties) = preSolution
		HideSolutionNode = FALSE
	EndGlobalSection
EndGlobal
